
Microsoft Visual Studio Solution File, Format Version 12.00
# Visual Studio Version 17
VisualStudioVersion = 17.13.35825.156 d17.13
MinimumVisualStudioVersion = 10.0.40219.1
Project("{FAE04EC0-301F-11D3-BF4B-00C04F79EFBC}") = "Backend.Weather.API", "Backend.Weather.API\Backend.Weather.API.csproj", "{98163246-566F-4409-8DF0-DB08EEBD097E}"
EndProject
Global
	GlobalSection(SolutionConfigurationPlatforms) = preSolution
		Debug|Any CPU = Debug|Any CPU
		Release|Any CPU = Release|Any CPU
	EndGlobalSection
	GlobalSection(ProjectConfigurationPlatforms) = postSolution
		{98163246-566F-4409-8DF0-DB08EEBD097E}.Debug|Any CPU.ActiveCfg = Debug|Any CPU
		{98163246-566F-4409-8DF0-DB08EEBD097E}.Debug|Any CPU.Build.0 = Debug|Any CPU
		{98163246-566F-4409-8DF0-DB08EEBD097E}.Release|Any CPU.ActiveCfg = Release|Any CPU
		{98163246-566F-4409-8DF0-DB08EEBD097E}.Release|Any CPU.Build.0 = Release|Any CPU
	EndGlobalSection
	GlobalSection(SolutionProperties) = preSolution
		HideSolutionNode = FALSE
	EndGlobalSection
	GlobalSection(ExtensibilityGlobals) = postSolution
		SolutionGuid = {2C46120F-6A63-470E-B3A9-FA86CD049618}
	EndGlobalSection
EndGlobal
